
Microsoft Visual Studio Solution File, Format Version 12.00
# Visual Studio 15
VisualStudioVersion = 15.0.27130.2010
MinimumVisualStudioVersion = 10.0.40219.1
Project("{FAE04EC0-301F-11D3-BF4B-00C04F79EFBC}") = "SIGApp3.Android", "SIGApp3\SIGApp3.Android\SIGApp3.Android.csproj", "{544782C4-B60F-4A3E-BF94-112B1024A227}"
EndProject
Project("{FAE04EC0-301F-11D3-BF4B-00C04F79EFBC}") = "SIGApp3", "SIGApp3\SIGApp3\SIGApp3.csproj", "{52905FF5-F82D-4EBB-9C99-92EDDFF3A7FF}"
EndProject
Global
	GlobalSection(SolutionConfigurationPlatforms) = preSolution
		Debug|Any CPU = Debug|Any CPU
		Release|Any CPU = Release|Any CPU
	EndGlobalSection
	GlobalSection(ProjectConfigurationPlatforms) = postSolution
		{544782C4-B60F-4A3E-BF94-112B1024A227}.Debug|Any CPU.ActiveCfg = Debug|Any CPU
		{544782C4-B60F-4A3E-BF94-112B1024A227}.Debug|Any CPU.Build.0 = Debug|Any CPU
		{544782C4-B60F-4A3E-BF94-112B1024A227}.Debug|Any CPU.Deploy.0 = Debug|Any CPU
		{544782C4-B60F-4A3E-BF94-112B1024A227}.Release|Any CPU.ActiveCfg = Release|Any CPU
		{544782C4-B60F-4A3E-BF94-112B1024A227}.Release|Any CPU.Build.0 = Release|Any CPU
		{544782C4-B60F-4A3E-BF94-112B1024A227}.Release|Any CPU.Deploy.0 = Release|Any CPU
		{52905FF5-F82D-4EBB-9C99-92EDDFF3A7FF}.Debug|Any CPU.ActiveCfg = Debug|Any CPU
		{52905FF5-F82D-4EBB-9C99-92EDDFF3A7FF}.Debug|Any CPU.Build.0 = Debug|Any CPU
		{52905FF5-F82D-4EBB-9C99-92EDDFF3A7FF}.Release|Any CPU.ActiveCfg = Release|Any CPU
		{52905FF5-F82D-4EBB-9C99-92EDDFF3A7FF}.Release|Any CPU.Build.0 = Release|Any CPU
	EndGlobalSection
	GlobalSection(SolutionProperties) = preSolution
		HideSolutionNode = FALSE
	EndGlobalSection
	GlobalSection(ExtensibilityGlobals) = postSolution
		SolutionGuid = {11DA60D4-2F09-492E-8A78-394C455289DD}
	EndGlobalSection
EndGlobal
